
Microsoft Visual Studio Solution File, Format Version 12.00
# Visual Studio 15
VisualStudioVersion = 15.0.26430.16
MinimumVisualStudioVersion = 10.0.40219.1
Project("{FAE04EC0-301F-11D3-BF4B-00C04F79EFBC}") = "repositoryPattern", "repositoryPattern\repositoryPattern.csproj", "{BEB2060E-7F7F-41DB-A4F7-AE17C06B754A}"
EndProject
Global
	GlobalSection(SolutionConfigurationPlatforms) = preSolution
		Debug|Any CPU = Debug|Any CPU
		Release|Any CPU = Release|Any CPU
	EndGlobalSection
	GlobalSection(ProjectConfigurationPlatforms) = postSolution
		{BEB2060E-7F7F-41DB-A4F7-AE17C06B754A}.Debug|Any CPU.ActiveCfg = Debug|Any CPU
		{BEB2060E-7F7F-41DB-A4F7-AE17C06B754A}.Debug|Any CPU.Build.0 = Debug|Any CPU
		{BEB2060E-7F7F-41DB-A4F7-AE17C06B754A}.Release|Any CPU.ActiveCfg = Release|Any CPU
		{BEB2060E-7F7F-41DB-A4F7-AE17C06B754A}.Release|Any CPU.Build.0 = Release|Any CPU
	EndGlobalSection
	GlobalSection(SolutionProperties) = preSolution
		HideSolutionNode = FALSE
	EndGlobalSection
EndGlobal
